// !$*UTF8*$!
{
	archiveVersion = 1;
	classes = {
	};
	objectVersion = 46;
	objects = {

/* Begin PBXBuildFile section */
		252FE94F221544B1A40AAD99 /* libPods-MiyagiTests.a in Frameworks */ = {isa = PBXBuildFile; fileRef = 44CCF0124FB84A729AC246BB /* libPods-MiyagiTests.a */; };
		872DCC56180DC0CA002113A7 /* NSArray+Miyagi.m in Sources */ = {isa = PBXBuildFile; fileRef = 872DCC55180DC0C9002113A7 /* NSArray+Miyagi.m */; };
		872DCC57180DC0CA002113A7 /* NSArray+Miyagi.m in Sources */ = {isa = PBXBuildFile; fileRef = 872DCC55180DC0C9002113A7 /* NSArray+Miyagi.m */; };
		872DCC5A180DC127002113A7 /* NSDictionary+Miyagi.m in Sources */ = {isa = PBXBuildFile; fileRef = 872DCC59180DC127002113A7 /* NSDictionary+Miyagi.m */; };
		872DCC5B180DC127002113A7 /* NSDictionary+Miyagi.m in Sources */ = {isa = PBXBuildFile; fileRef = 872DCC59180DC127002113A7 /* NSDictionary+Miyagi.m */; };
		872DCC5E180DC5D5002113A7 /* MiyagiCategoryTests.m in Sources */ = {isa = PBXBuildFile; fileRef = 872DCC5D180DC5D5002113A7 /* MiyagiCategoryTests.m */; };
		875BABC917F2F9B700F585E3 /* Foundation.framework in Frameworks */ = {isa = PBXBuildFile; fileRef = 875BABC817F2F9B700F585E3 /* Foundation.framework */; };
		875BABCE17F2F9B700F585E3 /* Miyagi.h in CopyFiles */ = {isa = PBXBuildFile; fileRef = 875BABCD17F2F9B700F585E3 /* Miyagi.h */; };
		875BABD017F2F9B700F585E3 /* Miyagi.m in Sources */ = {isa = PBXBuildFile; fileRef = 875BABCF17F2F9B700F585E3 /* Miyagi.m */; };
		875BABD717F2F9B700F585E3 /* XCTest.framework in Frameworks */ = {isa = PBXBuildFile; fileRef = 875BABD617F2F9B700F585E3 /* XCTest.framework */; };
		875BABD817F2F9B700F585E3 /* Foundation.framework in Frameworks */ = {isa = PBXBuildFile; fileRef = 875BABC817F2F9B700F585E3 /* Foundation.framework */; };
		875BABDA17F2F9B700F585E3 /* UIKit.framework in Frameworks */ = {isa = PBXBuildFile; fileRef = 875BABD917F2F9B700F585E3 /* UIKit.framework */; };
		875BABDD17F2F9B700F585E3 /* libMiyagi.a in Frameworks */ = {isa = PBXBuildFile; fileRef = 875BABC517F2F9B700F585E3 /* libMiyagi.a */; };
		875BABE317F2F9B700F585E3 /* InfoPlist.strings in Resources */ = {isa = PBXBuildFile; fileRef = 875BABE117F2F9B700F585E3 /* InfoPlist.strings */; };
		875BABE517F2F9B700F585E3 /* MiyagiTests.m in Sources */ = {isa = PBXBuildFile; fileRef = 875BABE417F2F9B700F585E3 /* MiyagiTests.m */; };
		875BABF117F2FA1800F585E3 /* Basic.m in Sources */ = {isa = PBXBuildFile; fileRef = 875BABF017F2FA1800F585E3 /* Basic.m */; };
		875BABF417F30A9A00F585E3 /* Nested.m in Sources */ = {isa = PBXBuildFile; fileRef = 875BABF317F30A9A00F585E3 /* Nested.m */; };
		875BABF917F32AEC00F585E3 /* ComplexNested.m in Sources */ = {isa = PBXBuildFile; fileRef = 875BABF817F32AEC00F585E3 /* ComplexNested.m */; };
		875BABFC17F3367F00F585E3 /* Broken.m in Sources */ = {isa = PBXBuildFile; fileRef = 875BABFB17F3367F00F585E3 /* Broken.m */; };
		87B80C0A180418BD0051D06A /* ParentClass.m in Sources */ = {isa = PBXBuildFile; fileRef = 87B80C09180418BD0051D06A /* ParentClass.m */; };
		87B80C0D180418C80051D06A /* SubClass.m in Sources */ = {isa = PBXBuildFile; fileRef = 87B80C0C180418C80051D06A /* SubClass.m */; };
/* End PBXBuildFile section */

/* Begin PBXContainerItemProxy section */
		875BABDB17F2F9B700F585E3 /* PBXContainerItemProxy */ = {
			isa = PBXContainerItemProxy;
			containerPortal = 875BABBD17F2F9B700F585E3 /* Project object */;
			proxyType = 1;
			remoteGlobalIDString = 875BABC417F2F9B700F585E3;
			remoteInfo = Miyagi;
		};
/* End PBXContainerItemProxy section */

/* Begin PBXCopyFilesBuildPhase section */
		875BABC317F2F9B700F585E3 /* CopyFiles */ = {
			isa = PBXCopyFilesBuildPhase;
			buildActionMask = 2147483647;
			dstPath = "include/$(PRODUCT_NAME)";
			dstSubfolderSpec = 16;
			files = (
				875BABCE17F2F9B700F585E3 /* Miyagi.h in CopyFiles */,
			);
			runOnlyForDeploymentPostprocessing = 0;
		};
/* End PBXCopyFilesBuildPhase section */

/* Begin PBXFileReference section */
		1B889B26D4144DC6AEEC7598 /* Pods-MiyagiTests.xcconfig */ = {isa = PBXFileReference; includeInIndex = 1; lastKnownFileType = text.xcconfig; name = "Pods-MiyagiTests.xcconfig"; path = "Pods/Pods-MiyagiTests.xcconfig"; sourceTree = "<group>"; };
		44CCF0124FB84A729AC246BB /* libPods-MiyagiTests.a */ = {isa = PBXFileReference; explicitFileType = archive.ar; includeInIndex = 0; path = "libPods-MiyagiTests.a"; sourceTree = BUILT_PRODUCTS_DIR; };
		872DCC54180DC0C9002113A7 /* NSArray+Miyagi.h */ = {isa = PBXFileReference; fileEncoding = 4; lastKnownFileType = sourcecode.c.h; path = "NSArray+Miyagi.h"; sourceTree = "<group>"; };
		872DCC55180DC0C9002113A7 /* NSArray+Miyagi.m */ = {isa = PBXFileReference; fileEncoding = 4; lastKnownFileType = sourcecode.c.objc; path = "NSArray+Miyagi.m"; sourceTree = "<group>"; };
		872DCC58180DC127002113A7 /* NSDictionary+Miyagi.h */ = {isa = PBXFileReference; fileEncoding = 4; lastKnownFileType = sourcecode.c.h; path = "NSDictionary+Miyagi.h"; sourceTree = "<group>"; };
		872DCC59180DC127002113A7 /* NSDictionary+Miyagi.m */ = {isa = PBXFileReference; fileEncoding = 4; lastKnownFileType = sourcecode.c.objc; path = "NSDictionary+Miyagi.m"; sourceTree = "<group>"; };
		872DCC5C180DC268002113A7 /* Miyagi+Private.h */ = {isa = PBXFileReference; lastKnownFileType = sourcecode.c.h; path = "Miyagi+Private.h"; sourceTree = "<group>"; };
		872DCC5D180DC5D5002113A7 /* MiyagiCategoryTests.m */ = {isa = PBXFileReference; fileEncoding = 4; lastKnownFileType = sourcecode.c.objc; path = MiyagiCategoryTests.m; sourceTree = "<group>"; };
		875BABC517F2F9B700F585E3 /* libMiyagi.a */ = {isa = PBXFileReference; explicitFileType = archive.ar; includeInIndex = 0; path = libMiyagi.a; sourceTree = BUILT_PRODUCTS_DIR; };
		875BABC817F2F9B700F585E3 /* Foundation.framework */ = {isa = PBXFileReference; lastKnownFileType = wrapper.framework; name = Foundation.framework; path = System/Library/Frameworks/Foundation.framework; sourceTree = SDKROOT; };
		875BABCC17F2F9B700F585E3 /* Miyagi-Prefix.pch */ = {isa = PBXFileReference; lastKnownFileType = sourcecode.c.h; path = "Miyagi-Prefix.pch"; sourceTree = "<group>"; };
		875BABCD17F2F9B700F585E3 /* Miyagi.h */ = {isa = PBXFileReference; lastKnownFileType = sourcecode.c.h; path = Miyagi.h; sourceTree = "<group>"; };
		875BABCF17F2F9B700F585E3 /* Miyagi.m */ = {isa = PBXFileReference; lastKnownFileType = sourcecode.c.objc; path = Miyagi.m; sourceTree = "<group>"; };
		875BABD517F2F9B700F585E3 /* MiyagiTests.xctest */ = {isa = PBXFileReference; explicitFileType = wrapper.cfbundle; includeInIndex = 0; path = MiyagiTests.xctest; sourceTree = BUILT_PRODUCTS_DIR; };
		875BABD617F2F9B700F585E3 /* XCTest.framework */ = {isa = PBXFileReference; lastKnownFileType = wrapper.framework; name = XCTest.framework; path = Library/Frameworks/XCTest.framework; sourceTree = DEVELOPER_DIR; };
		875BABD917F2F9B700F585E3 /* UIKit.framework */ = {isa = PBXFileReference; lastKnownFileType = wrapper.framework; name = UIKit.framework; path = Library/Frameworks/UIKit.framework; sourceTree = DEVELOPER_DIR; };
		875BABE017F2F9B700F585E3 /* MiyagiTests-Info.plist */ = {isa = PBXFileReference; lastKnownFileType = text.plist.xml; path = "MiyagiTests-Info.plist"; sourceTree = "<group>"; };
		875BABE217F2F9B700F585E3 /* en */ = {isa = PBXFileReference; lastKnownFileType = text.plist.strings; name = en; path = en.lproj/InfoPlist.strings; sourceTree = "<group>"; };
		875BABE417F2F9B700F585E3 /* MiyagiTests.m */ = {isa = PBXFileReference; lastKnownFileType = sourcecode.c.objc; path = MiyagiTests.m; sourceTree = "<group>"; };
		875BABEF17F2FA1800F585E3 /* Basic.h */ = {isa = PBXFileReference; fileEncoding = 4; lastKnownFileType = sourcecode.c.h; path = Basic.h; sourceTree = "<group>"; };
		875BABF017F2FA1800F585E3 /* Basic.m */ = {isa = PBXFileReference; fileEncoding = 4; lastKnownFileType = sourcecode.c.objc; path = Basic.m; sourceTree = "<group>"; };
		875BABF217F30A9A00F585E3 /* Nested.h */ = {isa = PBXFileReference; fileEncoding = 4; lastKnownFileType = sourcecode.c.h; path = Nested.h; sourceTree = "<group>"; };
		875BABF317F30A9A00F585E3 /* Nested.m */ = {isa = PBXFileReference; fileEncoding = 4; lastKnownFileType = sourcecode.c.objc; path = Nested.m; sourceTree = "<group>"; };
		875BABF717F32AEC00F585E3 /* ComplexNested.h */ = {isa = PBXFileReference; fileEncoding = 4; lastKnownFileType = sourcecode.c.h; path = ComplexNested.h; sourceTree = "<group>"; };
		875BABF817F32AEC00F585E3 /* ComplexNested.m */ = {isa = PBXFileReference; fileEncoding = 4; lastKnownFileType = sourcecode.c.objc; path = ComplexNested.m; sourceTree = "<group>"; };
		875BABFA17F3367F00F585E3 /* Broken.h */ = {isa = PBXFileReference; fileEncoding = 4; lastKnownFileType = sourcecode.c.h; path = Broken.h; sourceTree = "<group>"; };
		875BABFB17F3367F00F585E3 /* Broken.m */ = {isa = PBXFileReference; fileEncoding = 4; lastKnownFileType = sourcecode.c.objc; path = Broken.m; sourceTree = "<group>"; };
		87B80C08180418BD0051D06A /* ParentClass.h */ = {isa = PBXFileReference; fileEncoding = 4; lastKnownFileType = sourcecode.c.h; path = ParentClass.h; sourceTree = "<group>"; };
		87B80C09180418BD0051D06A /* ParentClass.m */ = {isa = PBXFileReference; fileEncoding = 4; lastKnownFileType = sourcecode.c.objc; path = ParentClass.m; sourceTree = "<group>"; };
		87B80C0B180418C80051D06A /* SubClass.h */ = {isa = PBXFileReference; fileEncoding = 4; lastKnownFileType = sourcecode.c.h; path = SubClass.h; sourceTree = "<group>"; };
		87B80C0C180418C80051D06A /* SubClass.m */ = {isa = PBXFileReference; fileEncoding = 4; lastKnownFileType = sourcecode.c.objc; path = SubClass.m; sourceTree = "<group>"; };
/* End PBXFileReference section */

/* Begin PBXFrameworksBuildPhase section */
		875BABC217F2F9B700F585E3 /* Frameworks */ = {
			isa = PBXFrameworksBuildPhase;
			buildActionMask = 2147483647;
			files = (
				875BABC917F2F9B700F585E3 /* Foundation.framework in Frameworks */,
			);
			runOnlyForDeploymentPostprocessing = 0;
		};
		875BABD217F2F9B700F585E3 /* Frameworks */ = {
			isa = PBXFrameworksBuildPhase;
			buildActionMask = 2147483647;
			files = (
				875BABD717F2F9B700F585E3 /* XCTest.framework in Frameworks */,
				875BABDD17F2F9B700F585E3 /* libMiyagi.a in Frameworks */,
				875BABDA17F2F9B700F585E3 /* UIKit.framework in Frameworks */,
				875BABD817F2F9B700F585E3 /* Foundation.framework in Frameworks */,
				252FE94F221544B1A40AAD99 /* libPods-MiyagiTests.a in Frameworks */,
			);
			runOnlyForDeploymentPostprocessing = 0;
		};
/* End PBXFrameworksBuildPhase section */

/* Begin PBXGroup section */
		872DCC53180DBF7F002113A7 /* Categories */ = {
			isa = PBXGroup;
			children = (
				872DCC54180DC0C9002113A7 /* NSArray+Miyagi.h */,
				872DCC55180DC0C9002113A7 /* NSArray+Miyagi.m */,
				872DCC58180DC127002113A7 /* NSDictionary+Miyagi.h */,
				872DCC59180DC127002113A7 /* NSDictionary+Miyagi.m */,
			);
			name = Categories;
			sourceTree = "<group>";
		};
		875BABBC17F2F9B700F585E3 = {
			isa = PBXGroup;
			children = (
				875BABCA17F2F9B700F585E3 /* Miyagi */,
				875BABDE17F2F9B700F585E3 /* MiyagiTests */,
				875BABC717F2F9B700F585E3 /* Frameworks */,
				875BABC617F2F9B700F585E3 /* Products */,
				1B889B26D4144DC6AEEC7598 /* Pods-MiyagiTests.xcconfig */,
			);
			sourceTree = "<group>";
		};
		875BABC617F2F9B700F585E3 /* Products */ = {
			isa = PBXGroup;
			children = (
				875BABC517F2F9B700F585E3 /* libMiyagi.a */,
				875BABD517F2F9B700F585E3 /* MiyagiTests.xctest */,
			);
			name = Products;
			sourceTree = "<group>";
		};
		875BABC717F2F9B700F585E3 /* Frameworks */ = {
			isa = PBXGroup;
			children = (
				875BABC817F2F9B700F585E3 /* Foundation.framework */,
				875BABD617F2F9B700F585E3 /* XCTest.framework */,
				875BABD917F2F9B700F585E3 /* UIKit.framework */,
				44CCF0124FB84A729AC246BB /* libPods-MiyagiTests.a */,
			);
			name = Frameworks;
			sourceTree = "<group>";
		};
		875BABCA17F2F9B700F585E3 /* Miyagi */ = {
			isa = PBXGroup;
			children = (
				872DCC53180DBF7F002113A7 /* Categories */,
				875BABCD17F2F9B700F585E3 /* Miyagi.h */,
				875BABCF17F2F9B700F585E3 /* Miyagi.m */,
				872DCC5C180DC268002113A7 /* Miyagi+Private.h */,
				875BABCB17F2F9B700F585E3 /* Supporting Files */,
			);
			path = Miyagi;
			sourceTree = "<group>";
		};
		875BABCB17F2F9B700F585E3 /* Supporting Files */ = {
			isa = PBXGroup;
			children = (
				875BABCC17F2F9B700F585E3 /* Miyagi-Prefix.pch */,
			);
			name = "Supporting Files";
			sourceTree = "<group>";
		};
		875BABDE17F2F9B700F585E3 /* MiyagiTests */ = {
			isa = PBXGroup;
			children = (
				875BABEE17F2FA1800F585E3 /* TestClasses */,
				875BABE417F2F9B700F585E3 /* MiyagiTests.m */,
				872DCC5D180DC5D5002113A7 /* MiyagiCategoryTests.m */,
				875BABDF17F2F9B700F585E3 /* Supporting Files */,
			);
			path = MiyagiTests;
			sourceTree = "<group>";
		};
		875BABDF17F2F9B700F585E3 /* Supporting Files */ = {
			isa = PBXGroup;
			children = (
				875BABE017F2F9B700F585E3 /* MiyagiTests-Info.plist */,
				875BABE117F2F9B700F585E3 /* InfoPlist.strings */,
			);
			name = "Supporting Files";
			sourceTree = "<group>";
		};
		875BABEE17F2FA1800F585E3 /* TestClasses */ = {
			isa = PBXGroup;
			children = (
				875BABEF17F2FA1800F585E3 /* Basic.h */,
				875BABF017F2FA1800F585E3 /* Basic.m */,
				875BABF217F30A9A00F585E3 /* Nested.h */,
				875BABF317F30A9A00F585E3 /* Nested.m */,
				875BABF717F32AEC00F585E3 /* ComplexNested.h */,
				875BABF817F32AEC00F585E3 /* ComplexNested.m */,
				875BABFA17F3367F00F585E3 /* Broken.h */,
				875BABFB17F3367F00F585E3 /* Broken.m */,
				87B80C08180418BD0051D06A /* ParentClass.h */,
				87B80C09180418BD0051D06A /* ParentClass.m */,
				87B80C0B180418C80051D06A /* SubClass.h */,
				87B80C0C180418C80051D06A /* SubClass.m */,
			);
			path = TestClasses;
			sourceTree = "<group>";
		};
/* End PBXGroup section */

/* Begin PBXNativeTarget section */
		875BABC417F2F9B700F585E3 /* Miyagi */ = {
			isa = PBXNativeTarget;
			buildConfigurationList = 875BABE817F2F9B700F585E3 /* Build configuration list for PBXNativeTarget "Miyagi" */;
			buildPhases = (
				875BABC117F2F9B700F585E3 /* Sources */,
				875BABC217F2F9B700F585E3 /* Frameworks */,
				875BABC317F2F9B700F585E3 /* CopyFiles */,
			);
			buildRules = (
			);
			dependencies = (
			);
			name = Miyagi;
			productName = Miyagi;
			productReference = 875BABC517F2F9B700F585E3 /* libMiyagi.a */;
			productType = "com.apple.product-type.library.static";
		};
		875BABD417F2F9B700F585E3 /* MiyagiTests */ = {
			isa = PBXNativeTarget;
			buildConfigurationList = 875BABEB17F2F9B700F585E3 /* Build configuration list for PBXNativeTarget "MiyagiTests" */;
			buildPhases = (
				18C6B9BDB4EF4D9F93256782 /* Check Pods Manifest.lock */,
				875BABD117F2F9B700F585E3 /* Sources */,
				875BABD217F2F9B700F585E3 /* Frameworks */,
				875BABD317F2F9B700F585E3 /* Resources */,
				97B32981B84D4C7085BD105C /* Copy Pods Resources */,
			);
			buildRules = (
			);
			dependencies = (
				875BABDC17F2F9B700F585E3 /* PBXTargetDependency */,
			);
			name = MiyagiTests;
			productName = MiyagiTests;
			productReference = 875BABD517F2F9B700F585E3 /* MiyagiTests.xctest */;
			productType = "com.apple.product-type.bundle.unit-test";
		};
/* End PBXNativeTarget section */

/* Begin PBXProject section */
		875BABBD17F2F9B700F585E3 /* Project object */ = {
			isa = PBXProject;
			attributes = {
				LastUpgradeCheck = 0500;
				ORGANIZATIONNAME = thingsdoer;
			};
			buildConfigurationList = 875BABC017F2F9B700F585E3 /* Build configuration list for PBXProject "Miyagi" */;
			compatibilityVersion = "Xcode 3.2";
			developmentRegion = English;
			hasScannedForEncodings = 0;
			knownRegions = (
				en,
			);
			mainGroup = 875BABBC17F2F9B700F585E3;
			productRefGroup = 875BABC617F2F9B700F585E3 /* Products */;
			projectDirPath = "";
			projectRoot = "";
			targets = (
				875BABC417F2F9B700F585E3 /* Miyagi */,
				875BABD417F2F9B700F585E3 /* MiyagiTests */,
			);
		};
/* End PBXProject section */

/* Begin PBXResourcesBuildPhase section */
		875BABD317F2F9B700F585E3 /* Resources */ = {
			isa = PBXResourcesBuildPhase;
			buildActionMask = 2147483647;
			files = (
				875BABE317F2F9B700F585E3 /* InfoPlist.strings in Resources */,
			);
			runOnlyForDeploymentPostprocessing = 0;
		};
/* End PBXResourcesBuildPhase section */

/* Begin PBXShellScriptBuildPhase section */
		18C6B9BDB4EF4D9F93256782 /* Check Pods Manifest.lock */ = {
			isa = PBXShellScriptBuildPhase;
			buildActionMask = 2147483647;
			files = (
			);
			inputPaths = (
			);
			name = "Check Pods Manifest.lock";
			outputPaths = (
			);
			runOnlyForDeploymentPostprocessing = 0;
			shellPath = /bin/sh;
			shellScript = "diff \"${PODS_ROOT}/../Podfile.lock\" \"${PODS_ROOT}/Manifest.lock\" > /dev/null\nif [[ $? != 0 ]] ; then\n    cat << EOM\nerror: The sandbox is not in sync with the Podfile.lock. Run 'pod install' or update your CocoaPods installation.\nEOM\n    exit 1\nfi\n";
			showEnvVarsInLog = 0;
		};
		97B32981B84D4C7085BD105C /* Copy Pods Resources */ = {
			isa = PBXShellScriptBuildPhase;
			buildActionMask = 2147483647;
			files = (
			);
			inputPaths = (
			);
			name = "Copy Pods Resources";
			outputPaths = (
			);
			runOnlyForDeploymentPostprocessing = 0;
			shellPath = /bin/sh;
			shellScript = "\"${SRCROOT}/Pods/Pods-MiyagiTests-resources.sh\"\n";
			showEnvVarsInLog = 0;
		};
/* End PBXShellScriptBuildPhase section */

/* Begin PBXSourcesBuildPhase section */
		875BABC117F2F9B700F585E3 /* Sources */ = {
			isa = PBXSourcesBuildPhase;
			buildActionMask = 2147483647;
			files = (
				872DCC56180DC0CA002113A7 /* NSArray+Miyagi.m in Sources */,
				872DCC5A180DC127002113A7 /* NSDictionary+Miyagi.m in Sources */,
				875BABD017F2F9B700F585E3 /* Miyagi.m in Sources */,
			);
			runOnlyForDeploymentPostprocessing = 0;
		};
		875BABD117F2F9B700F585E3 /* Sources */ = {
			isa = PBXSourcesBuildPhase;
			buildActionMask = 2147483647;
			files = (
				87B80C0D180418C80051D06A /* SubClass.m in Sources */,
				875BABF417F30A9A00F585E3 /* Nested.m in Sources */,
				875BABF917F32AEC00F585E3 /* ComplexNested.m in Sources */,
				87B80C0A180418BD0051D06A /* ParentClass.m in Sources */,
				875BABFC17F3367F00F585E3 /* Broken.m in Sources */,
				875BABF117F2FA1800F585E3 /* Basic.m in Sources */,
				872DCC57180DC0CA002113A7 /* NSArray+Miyagi.m in Sources */,
				872DCC5B180DC127002113A7 /* NSDictionary+Miyagi.m in Sources */,
				875BABE517F2F9B700F585E3 /* MiyagiTests.m in Sources */,
				872DCC5E180DC5D5002113A7 /* MiyagiCategoryTests.m in Sources */,
			);
			runOnlyForDeploymentPostprocessing = 0;
		};
/* End PBXSourcesBuildPhase section */

/* Begin PBXTargetDependency section */
		875BABDC17F2F9B700F585E3 /* PBXTargetDependency */ = {
			isa = PBXTargetDependency;
			target = 875BABC417F2F9B700F585E3 /* Miyagi */;
			targetProxy = 875BABDB17F2F9B700F585E3 /* PBXContainerItemProxy */;
		};
/* End PBXTargetDependency section */

/* Begin PBXVariantGroup section */
		875BABE117F2F9B700F585E3 /* InfoPlist.strings */ = {
			isa = PBXVariantGroup;
			children = (
				875BABE217F2F9B700F585E3 /* en */,
			);
			name = InfoPlist.strings;
			sourceTree = "<group>";
		};
/* End PBXVariantGroup section */

/* Begin XCBuildConfiguration section */
		875BABE617F2F9B700F585E3 /* Debug */ = {
			isa = XCBuildConfiguration;
			buildSettings = {
				ALWAYS_SEARCH_USER_PATHS = NO;
				CLANG_CXX_LANGUAGE_STANDARD = "gnu++0x";
				CLANG_CXX_LIBRARY = "libc++";
				CLANG_ENABLE_MODULES = YES;
				CLANG_ENABLE_OBJC_ARC = YES;
				CLANG_WARN_BOOL_CONVERSION = YES;
				CLANG_WARN_CONSTANT_CONVERSION = YES;
				CLANG_WARN_DIRECT_OBJC_ISA_USAGE = YES_ERROR;
				CLANG_WARN_EMPTY_BODY = YES;
				CLANG_WARN_ENUM_CONVERSION = YES;
				CLANG_WARN_INT_CONVERSION = YES;
				CLANG_WARN_OBJC_ROOT_CLASS = YES_ERROR;
				CLANG_WARN__DUPLICATE_METHOD_MATCH = YES;
				COPY_PHASE_STRIP = NO;
				GCC_C_LANGUAGE_STANDARD = gnu99;
				GCC_DYNAMIC_NO_PIC = NO;
				GCC_OPTIMIZATION_LEVEL = 0;
				GCC_PREPROCESSOR_DEFINITIONS = (
					"DEBUG=1",
					"$(inherited)",
				);
				GCC_SYMBOLS_PRIVATE_EXTERN = NO;
				GCC_WARN_ABOUT_RETURN_TYPE = YES_ERROR;
				GCC_WARN_UNDECLARED_SELECTOR = YES;
				GCC_WARN_UNINITIALIZED_AUTOS = YES;
				GCC_WARN_UNUSED_FUNCTION = YES;
				GCC_WARN_UNUSED_VARIABLE = YES;
				IPHONEOS_DEPLOYMENT_TARGET = 7.0;
				ONLY_ACTIVE_ARCH = YES;
				SDKROOT = iphoneos;
			};
			name = Debug;
		};
		875BABE717F2F9B700F585E3 /* Release */ = {
			isa = XCBuildConfiguration;
			buildSettings = {
				ALWAYS_SEARCH_USER_PATHS = NO;
				CLANG_CXX_LANGUAGE_STANDARD = "gnu++0x";
				CLANG_CXX_LIBRARY = "libc++";
				CLANG_ENABLE_MODULES = YES;
				CLANG_ENABLE_OBJC_ARC = YES;
				CLANG_WARN_BOOL_CONVERSION = YES;
				CLANG_WARN_CONSTANT_CONVERSION = YES;
				CLANG_WARN_DIRECT_OBJC_ISA_USAGE = YES_ERROR;
				CLANG_WARN_EMPTY_BODY = YES;
				CLANG_WARN_ENUM_CONVERSION = YES;
				CLANG_WARN_INT_CONVERSION = YES;
				CLANG_WARN_OBJC_ROOT_CLASS = YES_ERROR;
				CLANG_WARN__DUPLICATE_METHOD_MATCH = YES;
				COPY_PHASE_STRIP = YES;
				ENABLE_NS_ASSERTIONS = NO;
				GCC_C_LANGUAGE_STANDARD = gnu99;
				GCC_WARN_ABOUT_RETURN_TYPE = YES_ERROR;
				GCC_WARN_UNDECLARED_SELECTOR = YES;
				GCC_WARN_UNINITIALIZED_AUTOS = YES;
				GCC_WARN_UNUSED_FUNCTION = YES;
				GCC_WARN_UNUSED_VARIABLE = YES;
				IPHONEOS_DEPLOYMENT_TARGET = 7.0;
				SDKROOT = iphoneos;
				VALIDATE_PRODUCT = YES;
			};
			name = Release;
		};
		875BABE917F2F9B700F585E3 /* Debug */ = {
			isa = XCBuildConfiguration;
			buildSettings = {
				DSTROOT = /tmp/Miyagi.dst;
				GCC_PRECOMPILE_PREFIX_HEADER = YES;
				GCC_PREFIX_HEADER = "Miyagi/Miyagi-Prefix.pch";
				GCC_TREAT_WARNINGS_AS_ERRORS = YES;
				GCC_WARN_PEDANTIC = NO;
				OTHER_LDFLAGS = "-ObjC";
				PRODUCT_NAME = "$(TARGET_NAME)";
				SKIP_INSTALL = YES;
			};
			name = Debug;
		};
		875BABEA17F2F9B700F585E3 /* Release */ = {
			isa = XCBuildConfiguration;
			buildSettings = {
				DSTROOT = /tmp/Miyagi.dst;
				GCC_PRECOMPILE_PREFIX_HEADER = YES;
				GCC_PREFIX_HEADER = "Miyagi/Miyagi-Prefix.pch";
				GCC_TREAT_WARNINGS_AS_ERRORS = YES;
				GCC_WARN_PEDANTIC = NO;
				OTHER_LDFLAGS = "-ObjC";
				PRODUCT_NAME = "$(TARGET_NAME)";
				SKIP_INSTALL = YES;
			};
			name = Release;
		};
		875BABEC17F2F9B700F585E3 /* Debug */ = {
			isa = XCBuildConfiguration;
			baseConfigurationReference = 1B889B26D4144DC6AEEC7598 /* Pods-MiyagiTests.xcconfig */;
			buildSettings = {
				FRAMEWORK_SEARCH_PATHS = (
					"$(SDKROOT)/Developer/Library/Frameworks",
					"$(inherited)",
					"$(DEVELOPER_FRAMEWORKS_DIR)",
				);
				GCC_PRECOMPILE_PREFIX_HEADER = YES;
				GCC_PREFIX_HEADER = "Miyagi/Miyagi-Prefix.pch";
				GCC_PREPROCESSOR_DEFINITIONS = (
					"DEBUG=1",
					"$(inherited)",
				);
				GCC_TREAT_WARNINGS_AS_ERRORS = YES;
				GCC_WARN_PEDANTIC = NO;
				INFOPLIST_FILE = "MiyagiTests/MiyagiTests-Info.plist";
				PRODUCT_NAME = "$(TARGET_NAME)";
				VALID_ARCHS = "armv7 armv7s";
				WRAPPER_EXTENSION = xctest;
			};
			name = Debug;
		};
		875BABED17F2F9B700F585E3 /* Release */ = {
			isa = XCBuildConfiguration;
			baseConfigurationReference = 1B889B26D4144DC6AEEC7598 /* Pods-MiyagiTests.xcconfig */;
			buildSettings = {
				FRAMEWORK_SEARCH_PATHS = (
					"$(SDKROOT)/Developer/Library/Frameworks",
					"$(inherited)",
					"$(DEVELOPER_FRAMEWORKS_DIR)",
				);
				GCC_PRECOMPILE_PREFIX_HEADER = YES;
				GCC_PREFIX_HEADER = "Miyagi/Miyagi-Prefix.pch";
				GCC_TREAT_WARNINGS_AS_ERRORS = YES;
				GCC_WARN_PEDANTIC = NO;
				INFOPLIST_FILE = "MiyagiTests/MiyagiTests-Info.plist";
				PRODUCT_NAME = "$(TARGET_NAME)";
				VALID_ARCHS = "armv7 armv7s";
				WRAPPER_EXTENSION = xctest;
			};
			name = Release;
		};
/* End XCBuildConfiguration section */

/* Begin XCConfigurationList section */
		875BABC017F2F9B700F585E3 /* Build configuration list for PBXProject "Miyagi" */ = {
			isa = XCConfigurationList;
			buildConfigurations = (
				875BABE617F2F9B700F585E3 /* Debug */,
				875BABE717F2F9B700F585E3 /* Release */,
			);
			defaultConfigurationIsVisible = 0;
			defaultConfigurationName = Release;
		};
		875BABE817F2F9B700F585E3 /* Build configuration list for PBXNativeTarget "Miyagi" */ = {
			isa = XCConfigurationList;
			buildConfigurations = (
				875BABE917F2F9B700F585E3 /* Debug */,
				875BABEA17F2F9B700F585E3 /* Release */,
			);
			defaultConfigurationIsVisible = 0;
			defaultConfigurationName = Release;
		};
		875BABEB17F2F9B700F585E3 /* Build configuration list for PBXNativeTarget "MiyagiTests" */ = {
			isa = XCConfigurationList;
			buildConfigurations = (
				875BABEC17F2F9B700F585E3 /* Debug */,
				875BABED17F2F9B700F585E3 /* Release */,
			);
			defaultConfigurationIsVisible = 0;
			defaultConfigurationName = Release;
		};
/* End XCConfigurationList section */
	};
	rootObject = 875BABBD17F2F9B700F585E3 /* Project object */;
}
